{
  "version": 1,
  "dependencies": {
    "net6.0": {
      "Archipelago.Gifting.Net": {
        "type": "Direct",
        "requested": "[0.4.4, )",
        "resolved": "0.4.4",
        "contentHash": "wo7sakhF6UUbZGASFlx0wPpPOftMr65mn9ItYPVAhtXKXOAK2vYdVj/fFdCegLE5YxpoXQZ1lVcaDGSs8YEipA==",
        "dependencies": {
          "Archipelago.MultiClient.Net": "6.6.0"
        }
      },
      "Archipelago.MultiClient.Net": {
        "type": "Direct",
        "requested": "[6.7.0, )",
        "resolved": "6.7.0",
        "contentHash": "fsK7kx3dC4EwvEA7kMTUwbP+kYeanYVWHyTXOjYKxl6zj4elHMj42YCjvOYqHee+V2NrRm0f0pljhWEY+BI72g=="
      },
      "Archipelago.MultiClient.Net.Analyzers": {
        "type": "Direct",
        "requested": "[2.0.1, )",
        "resolved": "2.0.1",
        "contentHash": "a/YdkF1higP34UtDKUOfd7fSheWyV1tAFg449zYWxDvwGLUQ6JKHh6U2ozjpwHDUGbwmin16Rb1sN01moxqsDg=="
      },
      "KaitoKid.ArchipelagoUtilities.AssetDownloader": {
        "type": "Direct",
        "requested": "[3.1.9, )",
        "resolved": "3.1.9",
        "contentHash": "qOCE/qpsUVRhYbo4jNV/X/ezT/38QLcPTdEo8EZBFanKj+ldaKaZlXAEmcYieMh4WspI9jFkNPXObko3wy9SHg==",
        "dependencies": {
          "KaitoKid.Utilities.Interfaces": "3.1.9"
        }
      },
      "KaitoKid.ArchipelagoUtilities.Net": {
        "type": "Direct",
        "requested": "[3.1.9, )",
        "resolved": "3.1.9",
        "contentHash": "kYcEIOjetv6xqSeCXkWc2iN1twyK2kLcJhUPCB1/5CRePVfYPbL+gBQH9Xcz8lyKUi+X/+sMGLbb5o85fn0a1Q==",
        "dependencies": {
          "Archipelago.MultiClient.Net": "6.6.0",
          "KaitoKid.Utilities.Interfaces": "3.1.9"
        }
      },
      "Pathoschild.Stardew.ModBuildConfig": {
        "type": "Direct",
        "requested": "[4.4.0, )",
        "resolved": "4.4.0",
        "contentHash": "Yi7/8bZlLS1bqZxft1yZWxJmIBfIoRxQBFIwWrF0AjC4/j/HmWdDC7dbNzzM4ZtOTtjOAQ8AC7WjP6KHgLPpdg=="
      },
      "KaitoKid.Utilities.Interfaces": {
        "type": "Transitive",
        "resolved": "3.1.9",
        "contentHash": "v3JJeBuSPABi4luhusTbCbDa9FTKvHkRFw1qFCXfehQGzgYNCODFaIwWXDb1WcEri7yO6IYfW6Be34HsbmnjCA=="
      }
    }
  }
}