{
  "version": 1,
  "dependencies": {
    "net6.0": {
      "Archipelago.Gifting.Net": {
        "type": "Direct",
        "requested": "[0.4.3, )",
        "resolved": "0.4.3",
        "contentHash": "gEtGgWJJTqlVBq1xDEobjoHXDPPw2d0EZAoOM9NUvlWd8YVruTG2z3X3+3R1x0uoXuYGZ0jidJkN7BHxNOL/3Q==",
        "dependencies": {
          "Archipelago.MultiClient.Net": "6.6.0"
        }
      },
      "Archipelago.MultiClient.Net": {
        "type": "Direct",
        "requested": "[6.6.1, )",
        "resolved": "6.6.1",
        "contentHash": "CvojDLce6/ZkDTa/JNeCX4fM7X0gDdVAI5oIOKOtZjsOk4xJ9kTBix6ajnV2tIABEgpKzmMQm21Oz93Bu0m7IA=="
      },
      "Archipelago.MultiClient.Net.Analyzers": {
        "type": "Direct",
        "requested": "[1.5.0, )",
        "resolved": "1.5.0",
        "contentHash": "4tQEOY5xrrq0Tzct4gP0ceeZkLF3aim+nSBS9KiHxkR7wTqSjU23nn7V0I0SSHpRtIP/DalZq8t7bSMmdv9npg=="
      },
      "Discord.Net": {
        "type": "Direct",
        "requested": "[3.18.0, )",
        "resolved": "3.18.0",
        "contentHash": "cvLvdgHNJrqbyCxIxY3GBmE8i9dTdyqFwlsqECDAOcNHIZ7J1ep7N0+wRvoQm9JQ23LcjIZOSZf1xxHcCA7lzg==",
        "dependencies": {
          "Discord.Net.Commands": "3.18.0",
          "Discord.Net.Core": "3.18.0",
          "Discord.Net.Interactions": "3.18.0",
          "Discord.Net.Rest": "3.18.0",
          "Discord.Net.WebSocket": "3.18.0",
          "Discord.Net.Webhook": "3.18.0"
        }
      },
      "KaitoKid.ArchipelagoUtilities.Net": {
        "type": "Direct",
        "requested": "[2.1.5, )",
        "resolved": "2.1.5",
        "contentHash": "R1gPaBtjREyBAqsrBzygrlvKw5gmaObf3XnjeXmpV6SfT/7RV89ev8ll0aG18/s/fqJAh0a583u8Q7dqds6Ybw==",
        "dependencies": {
          "Archipelago.MultiClient.Net": "6.6.0"
        }
      },
      "Pathoschild.Stardew.ModBuildConfig": {
        "type": "Direct",
        "requested": "[4.4.0, )",
        "resolved": "4.4.0",
        "contentHash": "Yi7/8bZlLS1bqZxft1yZWxJmIBfIoRxQBFIwWrF0AjC4/j/HmWdDC7dbNzzM4ZtOTtjOAQ8AC7WjP6KHgLPpdg=="
      },
      "Discord.Net.Commands": {
        "type": "Transitive",
        "resolved": "3.18.0",
        "contentHash": "FHJ5y6nvUeO2ik51akaaVdkXfYbW5sMm7fQRcu7oQ28e5bvIbDascjtQNI8jeDrwcZ3b1R21raVpr/iWB+rAXg==",
        "dependencies": {
          "Discord.Net.Core": "3.18.0",
          "Microsoft.Extensions.DependencyInjection.Abstractions": "8.0.0"
        }
      },
      "Discord.Net.Core": {
        "type": "Transitive",
        "resolved": "3.18.0",
        "contentHash": "iu/KzWHMmCiilAs1EZXc+fAMsMTwZht5BxmYcMMzyE3oNknHfc1n2e4wIQQXCYVrIOBnH3e70qEEfFcAOCMr7Q==",
        "dependencies": {
          "Newtonsoft.Json": "13.0.3",
          "System.Collections.Immutable": "8.0.0",
          "System.Interactive.Async": "6.0.1",
          "System.ValueTuple": "4.5.0"
        }
      },
      "Discord.Net.Interactions": {
        "type": "Transitive",
        "resolved": "3.18.0",
        "contentHash": "znyLG+MffuhjVKWjY/2YJXzRdBEb6aATTsfx13x8feEJDKnqh2aGY7dY+D1ricyZAxOtIt983Bd93ZnFef7Nrg==",
        "dependencies": {
          "Discord.Net.Core": "3.18.0",
          "Discord.Net.Rest": "3.18.0",
          "Microsoft.Extensions.DependencyInjection.Abstractions": "8.0.0",
          "System.Collections.Immutable": "8.0.0",
          "System.Reactive": "6.0.1"
        }
      },
      "Discord.Net.Rest": {
        "type": "Transitive",
        "resolved": "3.18.0",
        "contentHash": "TSg7cvYOuu6amdyW9yTt7KSLXRXOu/F2WV2lvQHCYw8HI/QAhCx7T0s8H8DVvDdv6AB5SboKB1+JTf/lQgsMqw==",
        "dependencies": {
          "Discord.Net.Core": "3.18.0"
        }
      },
      "Discord.Net.Webhook": {
        "type": "Transitive",
        "resolved": "3.18.0",
        "contentHash": "ZMsF5i3CaFbRzHwPwMd6d3GGJJwjBPKRJXswe/iSFv3ZgDo3j9lLXui8WwX8XqPna9ZC3I0aT8hVB5lbWKRI+g==",
        "dependencies": {
          "Discord.Net.Core": "3.18.0",
          "Discord.Net.Rest": "3.18.0"
        }
      },
      "Discord.Net.WebSocket": {
        "type": "Transitive",
        "resolved": "3.18.0",
        "contentHash": "ZAAb/qw+P7Yql1YaP6RzNV7zZRFjAbEdO7RLrKpwCVSc35iGSoYgwAr358AjQ4wAz+GQxDxnbrJM/zcqjWJ1Uw==",
        "dependencies": {
          "Discord.Net.Core": "3.18.0",
          "Discord.Net.Rest": "3.18.0"
        }
      },
      "Microsoft.Bcl.AsyncInterfaces": {
        "type": "Transitive",
        "resolved": "6.0.0",
        "contentHash": "UcSjPsst+DfAdJGVDsu346FX0ci0ah+lw3WRtn18NUwEqRt70HaOQ7lI72vy3+1LxtqI3T5GWwV39rQSrCzAeg=="
      },
      "Microsoft.Extensions.DependencyInjection.Abstractions": {
        "type": "Transitive",
        "resolved": "8.0.0",
        "contentHash": "cjWrLkJXK0rs4zofsK4bSdg+jhDLTaxrkXu4gS6Y7MAlCvRyNNgwY/lJi5RDlQOnSZweHqoyvgvbdvQsRIW+hg=="
      },
      "Newtonsoft.Json": {
        "type": "Transitive",
        "resolved": "13.0.3",
        "contentHash": "HrC5BXdl00IP9zeV+0Z848QWPAoCr9P3bDEZguI+gkLcBKAOxix/tLEAAHC+UvDNPv4a2d18lOReHMOagPa+zQ=="
      },
      "System.Collections.Immutable": {
        "type": "Transitive",
        "resolved": "8.0.0",
        "contentHash": "AurL6Y5BA1WotzlEvVaIDpqzpIPvYnnldxru8oXJU2yFxFUy3+pNXjXd1ymO+RA0rq0+590Q8gaz2l3Sr7fmqg==",
        "dependencies": {
          "System.Runtime.CompilerServices.Unsafe": "6.0.0"
        }
      },
      "System.Interactive.Async": {
        "type": "Transitive",
        "resolved": "6.0.1",
        "contentHash": "f8H1O4ZWDQo344y5NQU76G4SIjWMuKDVXL9OM1dg6K5YZnLkc8iCdQDybBvMcC6ufk61jzXGVAX6UCDu0qDSjA==",
        "dependencies": {
          "System.Linq.Async": "6.0.1"
        }
      },
      "System.Linq.Async": {
        "type": "Transitive",
        "resolved": "6.0.1",
        "contentHash": "0YhHcaroWpQ9UCot3Pizah7ryAzQhNvobLMSxeDIGmnXfkQn8u5owvpOH0K6EVB+z9L7u6Cc4W17Br/+jyttEQ==",
        "dependencies": {
          "Microsoft.Bcl.AsyncInterfaces": "6.0.0"
        }
      },
      "System.Reactive": {
        "type": "Transitive",
        "resolved": "6.0.1",
        "contentHash": "rHaWtKDwCi9qJ3ObKo8LHPMuuwv33YbmQi7TcUK1C264V3MFnOr5Im7QgCTdLniztP3GJyeiSg5x8NqYJFqRmg=="
      },
      "System.Runtime.CompilerServices.Unsafe": {
        "type": "Transitive",
        "resolved": "6.0.0",
        "contentHash": "/iUeP3tq1S0XdNNoMz5C9twLSrM/TH+qElHkXWaPvuNOt+99G75NrV0OS2EqHx5wMN7popYjpc8oTjC1y16DLg=="
      },
      "System.ValueTuple": {
        "type": "Transitive",
        "resolved": "4.5.0",
        "contentHash": "okurQJO6NRE/apDIP23ajJ0hpiNmJ+f0BwOlB/cSqTLQlw5upkf+5+96+iG2Jw40G1fCVCyPz/FhIABUjMR+RQ=="
      }
    }
  }
}