{
  "version": 1,
  "dependencies": {
    "net6.0": {
      "Archipelago.Gifting.Net": {
        "type": "Direct",
        "requested": "[0.4.4, )",
        "resolved": "0.4.4",
        "contentHash": "wo7sakhF6UUbZGASFlx0wPpPOftMr65mn9ItYPVAhtXKXOAK2vYdVj/fFdCegLE5YxpoXQZ1lVcaDGSs8YEipA==",
        "dependencies": {
          "Archipelago.MultiClient.Net": "6.6.0"
        }
      },
      "Archipelago.MultiClient.Net": {
        "type": "Direct",
        "requested": "[6.7.0, )",
        "resolved": "6.7.0",
        "contentHash": "fsK7kx3dC4EwvEA7kMTUwbP+kYeanYVWHyTXOjYKxl6zj4elHMj42YCjvOYqHee+V2NrRm0f0pljhWEY+BI72g=="
      },
      "Archipelago.MultiClient.Net.Analyzers": {
        "type": "Direct",
        "requested": "[2.0.1, )",
        "resolved": "2.0.1",
        "contentHash": "a/YdkF1higP34UtDKUOfd7fSheWyV1tAFg449zYWxDvwGLUQ6JKHh6U2ozjpwHDUGbwmin16Rb1sN01moxqsDg=="
      },
      "KaitoKid.ArchipelagoUtilities.AssetDownloader": {
        "type": "Direct",
        "requested": "[3.1.10, )",
        "resolved": "3.1.10",
        "contentHash": "s9zIS/Qtuq4C2hvTqMm0cVATr2z+qQokyHbnm8YKXA9VXLg5TNCIDSINOgXYVQrmh5ZcSwH2mbXeYWW/tkPU5Q==",
        "dependencies": {
          "KaitoKid.Utilities.Interfaces": "3.1.10"
        }
      },
      "KaitoKid.ArchipelagoUtilities.Net": {
        "type": "Direct",
        "requested": "[3.1.10, )",
        "resolved": "3.1.10",
        "contentHash": "krN1RwEwnhPMA2T8Vbx3TkLHrMJ4jX+4DmRI83N/mTJqENFLAUaWkkhfH9+zFJV72E2XUxGtrcOPZKhtb91nqg==",
        "dependencies": {
          "Archipelago.MultiClient.Net": "6.6.0",
          "KaitoKid.Utilities.Interfaces": "3.1.10"
        }
      },
      "Pathoschild.Stardew.ModBuildConfig": {
        "type": "Direct",
        "requested": "[4.4.0, )",
        "resolved": "4.4.0",
        "contentHash": "Yi7/8bZlLS1bqZxft1yZWxJmIBfIoRxQBFIwWrF0AjC4/j/HmWdDC7dbNzzM4ZtOTtjOAQ8AC7WjP6KHgLPpdg=="
      },
      "KaitoKid.Utilities.Interfaces": {
        "type": "Transitive",
        "resolved": "3.1.10",
        "contentHash": "14GvLUhMK8CvD6I8fxBZqmvcqoioZhKA/u3KtJpuV8eWabzyFCurN420sSfShYoQ9Dbm/q1rBWNp9pDRlVZZQA=="
      }
    }
  }
}